{
  "name": "gen-address",
  "lockfileVersion": 3,
  "requires": true,
  "packages": {
    "": {
      "dependencies": {
        "ton": "^13.9.0"
      }
    },
    "node_modules/axios": {
      "version": "0.25.0",
      "resolved": "https://registry.npmmirror.com/axios/-/axios-0.25.0.tgz",
      "integrity": "sha512-cD8FOb0tRH3uuEe6+evtAbgJtfxr7ly3fQjYcMcuPlgkwVS9xboaVIpcDV+cYQe+yGykgwZCs1pzjntcGa6l5g==",
      "dependencies": {
        "follow-redirects": "^1.14.7"
      }
    },
    "node_modules/dataloader": {
      "version": "2.2.2",
      "resolved": "https://registry.npmmirror.com/dataloader/-/dataloader-2.2.2.tgz",
      "integrity": "sha512-8YnDaaf7N3k/q5HnTJVuzSyLETjoZjVmHc4AeKAzOvKHEFQKcn64OKBfzHYtE9zGjctNM7V9I0MfnUVLpi7M5g=="
    },
    "node_modules/follow-redirects": {
      "version": "1.15.9",
      "resolved": "https://registry.npmmirror.com/follow-redirects/-/follow-redirects-1.15.9.tgz",
      "integrity": "sha512-gew4GsXizNgdoRyqmyfMHyAmXsZDk6mHkSxZFCzW9gwlbtOW44CDtYavM+y+72qD/Vq2l550kMF52DT8fOLJqQ==",
      "funding": [
        {
          "type": "individual",
          "url": "https://github.com/sponsors/RubenVerborgh"
        }
      ],
      "engines": {
        "node": ">=4.0"
      },
      "peerDependenciesMeta": {
        "debug": {
          "optional": true
        }
      }
    },
    "node_modules/jssha": {
      "version": "3.2.0",
      "resolved": "https://registry.npmmirror.com/jssha/-/jssha-3.2.0.tgz",
      "integrity": "sha512-QuruyBENDWdN4tZwJbQq7/eAK85FqrI4oDbXjy5IBhYD+2pTJyBUWZe8ctWaCkrV0gy6AaelgOZZBMeswEa/6Q==",
      "peer": true,
      "engines": {
        "node": "*"
      }
    },
    "node_modules/symbol.inspect": {
      "version": "1.0.1",
      "resolved": "https://registry.npmmirror.com/symbol.inspect/-/symbol.inspect-1.0.1.tgz",
      "integrity": "sha512-YQSL4duoHmLhsTD1Pw8RW6TZ5MaTX5rXJnqacJottr2P2LZBF/Yvrc3ku4NUpMOm8aM0KOCqM+UAkMA5HWQCzQ=="
    },
    "node_modules/teslabot": {
      "version": "1.5.0",
      "resolved": "https://registry.npmmirror.com/teslabot/-/teslabot-1.5.0.tgz",
      "integrity": "sha512-e2MmELhCgrgZEGo7PQu/6bmYG36IDH+YrBI1iGm6jovXkeDIGa3pZ2WSqRjzkuw2vt1EqfkZoV5GpXgqL8QJVg=="
    },
    "node_modules/ton": {
      "version": "13.9.0",
      "resolved": "https://registry.npmmirror.com/ton/-/ton-13.9.0.tgz",
      "integrity": "sha512-IjZa4vFsyYHzQFY3kMSK/vw8T9b4zSJlSkZOgD8qeP4AFVxcD6pZ7TxfATwLJnA/4MCbaM9DY0V076oMjluDQg==",
      "dependencies": {
        "axios": "^0.25.0",
        "dataloader": "^2.0.0",
        "symbol.inspect": "1.0.1",
        "teslabot": "^1.3.0",
        "zod": "^3.21.4"
      },
      "peerDependencies": {
        "ton-core": ">=0.53.0",
        "ton-crypto": ">=3.2.0"
      }
    },
    "node_modules/ton-core": {
      "version": "0.53.0",
      "resolved": "https://registry.npmmirror.com/ton-core/-/ton-core-0.53.0.tgz",
      "integrity": "sha512-uO/U1oVLdEliWWbwfNQQK+61C+KM0ehcTdHQ6cN0WSEH2UzGfdVFpC4Wb0ph+wUYe/5njl7TA0uL9nif9Q6qwA==",
      "peer": true,
      "dependencies": {
        "symbol.inspect": "1.0.1"
      },
      "peerDependencies": {
        "ton-crypto": ">=3.2.0"
      }
    },
    "node_modules/ton-crypto": {
      "version": "3.2.0",
      "resolved": "https://registry.npmmirror.com/ton-crypto/-/ton-crypto-3.2.0.tgz",
      "integrity": "sha512-fltdBNQ45gARMuGMEOjPZWPJ5eSql8p3CA0Dj7tPv5lhU5ziT8SxXLAzDraR9HJ8YpjBHLVvYyhMLRiEwxgtMQ==",
      "peer": true,
      "dependencies": {
        "jssha": "3.2.0",
        "ton-crypto-primitives": "2.0.0",
        "tweetnacl": "1.0.3"
      }
    },
    "node_modules/ton-crypto-primitives": {
      "version": "2.0.0",
      "resolved": "https://registry.npmmirror.com/ton-crypto-primitives/-/ton-crypto-primitives-2.0.0.tgz",
      "integrity": "sha512-K+qKjpS0h9sPW6oExcpxnzuQ7nEgHEiDKwIqE/jWD25o8iFGe3FWj1gKxFNbKE9wwYKc5IV8FwrU+raF0KO5nQ==",
      "peer": true,
      "dependencies": {
        "jssha": "3.2.0"
      }
    },
    "node_modules/tweetnacl": {
      "version": "1.0.3",
      "resolved": "https://registry.npmmirror.com/tweetnacl/-/tweetnacl-1.0.3.tgz",
      "integrity": "sha512-6rt+RN7aOi1nGMyC4Xa5DdYiukl2UWCbcJft7YhxReBGQD7OAM8Pbxw6YMo4r2diNEA8FEmu32YOn9rhaiE5yw==",
      "peer": true
    },
    "node_modules/zod": {
      "version": "3.23.8",
      "resolved": "https://registry.npmmirror.com/zod/-/zod-3.23.8.tgz",
      "integrity": "sha512-XBx9AXhXktjUqnepgTiE5flcKIYWi/rme0Eaj+5Y0lftuGBq+jyRu/md4WnuxqgP1ubdpNCsYEYPxrzVHD8d6g==",
      "funding": {
        "url": "https://github.com/sponsors/colinhacks"
      }
    }
  }
}
